{
  "version": "4",
  "specifiers": {
    "jsr:@std/assert@*": "1.0.6",
    "jsr:@std/assert@^1.0.6": "1.0.6",
    "jsr:@std/expect@*": "1.0.5",
    "jsr:@std/internal@^1.0.4": "1.0.4",
    "jsr:@std/testing@*": "1.0.3",
    "npm:@types/pako@^2.0.3": "2.0.3",
    "npm:pako@^2.1.0": "2.1.0"
  },
  "jsr": {
    "@std/assert@1.0.6": {
      "integrity": "1904c05806a25d94fe791d6d883b685c9e2dcd60e4f9fc30f4fc5cf010c72207",
      "dependencies": [
        "jsr:@std/internal"
      ]
    },
    "@std/expect@1.0.5": {
      "integrity": "8c7ac797e2ffe57becc6399c0f2fd06230cb9ef124d45229c6e592c563824af1",
      "dependencies": [
        "jsr:@std/assert@^1.0.6",
        "jsr:@std/internal"
      ]
    },
    "@std/internal@1.0.4": {
      "integrity": "62e8e4911527e5e4f307741a795c0b0a9e6958d0b3790716ae71ce085f755422"
    },
    "@std/testing@1.0.3": {
      "integrity": "f98c2bee53860a5916727d7e7d3abe920dd6f9edace022e2d059f00d05c2cf42",
      "dependencies": [
        "jsr:@std/assert@^1.0.6",
        "jsr:@std/internal"
      ]
    }
  },
  "npm": {
    "@types/pako@2.0.3": {
      "integrity": "sha512-bq0hMV9opAcrmE0Byyo0fY3Ew4tgOevJmQ9grUhpXQhYfyLJ1Kqg3P33JT5fdbT2AjeAjR51zqqVjAL/HMkx7Q=="
    },
    "pako@2.1.0": {
      "integrity": "sha512-w+eufiZ1WuJYgPXbV/PO3NCMEc3xqylkKHzp8bxp1uW4qaSNQUkwmLLEc3kKsfz8lpV1F8Ht3U1Cm+9Srog2ug=="
    }
  },
  "workspace": {
    "dependencies": [
      "npm:@types/pako@^2.0.3",
      "npm:pako@^2.1.0"
    ]
  }
}
